
Microsoft Visual Studio Solution File, Format Version 12.00
# Visual Studio Version 16
VisualStudioVersion = 16.0.34301.259
MinimumVisualStudioVersion = 10.0.40219.1
Project("{FAE04EC0-301F-11D3-BF4B-00C04F79EFBC}") = "zadanie 21", "zadanie 21\zadanie 21.csproj", "{118DD4A7-3A4D-408B-A3BC-A6D18664DB1F}"
EndProject
Global
	GlobalSection(SolutionConfigurationPlatforms) = preSolution
		Debug|Any CPU = Debug|Any CPU
		Release|Any CPU = Release|Any CPU
	EndGlobalSection
	GlobalSection(ProjectConfigurationPlatforms) = postSolution
		{118DD4A7-3A4D-408B-A3BC-A6D18664DB1F}.Debug|Any CPU.ActiveCfg = Debug|Any CPU
		{118DD4A7-3A4D-408B-A3BC-A6D18664DB1F}.Debug|Any CPU.Build.0 = Debug|Any CPU
		{118DD4A7-3A4D-408B-A3BC-A6D18664DB1F}.Release|Any CPU.ActiveCfg = Release|Any CPU
		{118DD4A7-3A4D-408B-A3BC-A6D18664DB1F}.Release|Any CPU.Build.0 = Release|Any CPU
	EndGlobalSection
	GlobalSection(SolutionProperties) = preSolution
		HideSolutionNode = FALSE
	EndGlobalSection
	GlobalSection(ExtensibilityGlobals) = postSolution
		SolutionGuid = {233EA8F1-C072-4A7E-8FF0-5E1AAEBCFE99}
	EndGlobalSection
EndGlobal
